{
  "version": 1,
  "dependencies": {
    ".NETFramework,Version=v4.6": {
      "Microsoft.NETFramework.ReferenceAssemblies.net46": {
        "type": "Direct",
        "requested": "[1.0.3, )",
        "resolved": "1.0.3",
        "contentHash": "2DUXmacjqNTXn5FE95qWE6bL22ae0m/0rL/SgK3aWsW6qClDzXVmo0kOLycCh6JV6i3dQU/KMuT2wtrT8EfZiA=="
      }
    }
  }
}
