{
  "version": 1,
  "dependencies": {
    ".NETFramework,Version=v4.6": {
      "Microsoft.NETFramework.ReferenceAssemblies.net46": {
        "type": "Direct",
        "requested": "[1.0.3, )",
        "resolved": "1.0.3",
        "contentHash": "NiiK1wNEKbDFxF08ybLkjwEn8g6SuIrUl/Y+jlAMcf3NsTtlU0JFRWFPJENV9yyZkW6nBxk/pniBlyZtE5fHwQ=="
      }
    }
  }
}
